
Microsoft Visual Studio Solution File, Format Version 12.00
# Visual Studio Version 16
VisualStudioVersion = 16.0.30320.27
MinimumVisualStudioVersion = 10.0.40219.1
Project("{FAE04EC0-301F-11D3-BF4B-00C04F79EFBC}") = "SeparationExample.GUI", "SeparationExample.GUI\SeparationExample.GUI.csproj", "{72A57196-F90D-4C15-99EE-39306F27C468}"
EndProject
Project("{FAE04EC0-301F-11D3-BF4B-00C04F79EFBC}") = "SeparationExample.Library", "SeparationExample.Library\SeparationExample.Library.csproj", "{69C571CB-53D9-47EB-9678-6A079D4C0806}"
EndProject
Global
	GlobalSection(SolutionConfigurationPlatforms) = preSolution
		Debug|Any CPU = Debug|Any CPU
		Release|Any CPU = Release|Any CPU
	EndGlobalSection
	GlobalSection(ProjectConfigurationPlatforms) = postSolution
		{72A57196-F90D-4C15-99EE-39306F27C468}.Debug|Any CPU.ActiveCfg = Debug|Any CPU
		{72A57196-F90D-4C15-99EE-39306F27C468}.Debug|Any CPU.Build.0 = Debug|Any CPU
		{72A57196-F90D-4C15-99EE-39306F27C468}.Release|Any CPU.ActiveCfg = Release|Any CPU
		{72A57196-F90D-4C15-99EE-39306F27C468}.Release|Any CPU.Build.0 = Release|Any CPU
		{69C571CB-53D9-47EB-9678-6A079D4C0806}.Debug|Any CPU.ActiveCfg = Debug|Any CPU
		{69C571CB-53D9-47EB-9678-6A079D4C0806}.Debug|Any CPU.Build.0 = Debug|Any CPU
		{69C571CB-53D9-47EB-9678-6A079D4C0806}.Release|Any CPU.ActiveCfg = Release|Any CPU
		{69C571CB-53D9-47EB-9678-6A079D4C0806}.Release|Any CPU.Build.0 = Release|Any CPU
	EndGlobalSection
	GlobalSection(SolutionProperties) = preSolution
		HideSolutionNode = FALSE
	EndGlobalSection
	GlobalSection(ExtensibilityGlobals) = postSolution
		SolutionGuid = {7579FD1E-5281-45E4-BFA0-25A13078CC8C}
	EndGlobalSection
EndGlobal
